# THIS IS AN AUTOGENERATED FILE. DO NOT EDIT THIS FILE DIRECTLY.
# yarn lockfile v1


file-match@^1.0.1:
  version "1.0.2"
  resolved "https://registry.yarnpkg.com/file-match/-/file-match-1.0.2.tgz#c9cad265d2c8adf3a81475b0df475859069faef7"
  integrity sha1-ycrSZdLIrfOoFHWw30dYWQafrvc=
  dependencies:
    utils-extend "^1.0.6"

file-system@^2.2.2:
  version "2.2.2"
  resolved "https://registry.yarnpkg.com/file-system/-/file-system-2.2.2.tgz#7d65833e3a2347dcd956a813c677153ed3edd987"
  integrity sha1-fWWDPjojR9zZVqgTxncVPtPt2Yc=
  dependencies:
    file-match "^1.0.1"
    utils-extend "^1.0.4"

line-reader@^0.4.0:
  version "0.4.0"
  resolved "https://registry.yarnpkg.com/line-reader/-/line-reader-0.4.0.tgz#17e44818da0ac335675ba300954f94ef670e66fd"
  integrity sha1-F+RIGNoKwzVnW6MAlU+U72cOZv0=

lodash@^4.17.15:
  version "4.17.15"
  resolved "https://registry.yarnpkg.com/lodash/-/lodash-4.17.15.tgz#b447f6670a0455bbfeedd11392eff330ea097548"
  integrity sha512-8xOcRHvCjnocdS5cpwXQXVzmmh5e5+saE2QGoeQmbKmRS6J3VQppPOIt0MnmE+4xlZoumy0GPG0D0MVIQbNA1A==

print-tree@^0.1.5:
  version "0.1.5"
  resolved "https://registry.yarnpkg.com/print-tree/-/print-tree-0.1.5.tgz#32c9ea0fac5da68616fe042049b540a4c4b774ee"
  integrity sha512-t5eFtuheMgWGR3kj1vtxsvfWrrecEEWow3IgEtbW0EPbYRufHAvB+ShK1DgRjWxEYYEqO4B6DNlkoPmh7E3LGQ==

utils-extend@^1.0.4, utils-extend@^1.0.6:
  version "1.0.8"
  resolved "https://registry.yarnpkg.com/utils-extend/-/utils-extend-1.0.8.tgz#ccfd7b64540f8e90ee21eec57769d0651cab8a5f"
  integrity sha1-zP17ZFQPjpDuIe7Fd2nQZRyril8=
